
Microsoft Visual Studio Solution File, Format Version 12.00
# Visual Studio Version 17
VisualStudioVersion = 17.2.32630.192
MinimumVisualStudioVersion = 10.0.40219.1
Project("{FAE04EC0-301F-11D3-BF4B-00C04F79EFBC}") = "ASSIGNMENT07", "ASSIGNMENT07\ASSIGNMENT07.csproj", "{DAAE1324-AEAA-46C5-9291-7E06C8685BAF}"
EndProject
Global
	GlobalSection(SolutionConfigurationPlatforms) = preSolution
		Debug|Any CPU = Debug|Any CPU
		Release|Any CPU = Release|Any CPU
	EndGlobalSection
	GlobalSection(ProjectConfigurationPlatforms) = postSolution
		{DAAE1324-AEAA-46C5-9291-7E06C8685BAF}.Debug|Any CPU.ActiveCfg = Debug|Any CPU
		{DAAE1324-AEAA-46C5-9291-7E06C8685BAF}.Debug|Any CPU.Build.0 = Debug|Any CPU
		{DAAE1324-AEAA-46C5-9291-7E06C8685BAF}.Release|Any CPU.ActiveCfg = Release|Any CPU
		{DAAE1324-AEAA-46C5-9291-7E06C8685BAF}.Release|Any CPU.Build.0 = Release|Any CPU
	EndGlobalSection
	GlobalSection(SolutionProperties) = preSolution
		HideSolutionNode = FALSE
	EndGlobalSection
	GlobalSection(ExtensibilityGlobals) = postSolution
		SolutionGuid = {DA4AF442-2F78-48DF-BE63-F50AC8BE7F40}
	EndGlobalSection
EndGlobal
